
Microsoft Visual Studio Solution File, Format Version 12.00
# Visual Studio Version 16
VisualStudioVersion = 16.0.30621.155
MinimumVisualStudioVersion = 10.0.40219.1
Project("{FAE04EC0-301F-11D3-BF4B-00C04F79EFBC}") = "Day2Project", "Day2Project\Day2Project.csproj", "{0207CFA2-D30F-4BAA-86B5-2CE91CDF3EF1}"
EndProject
Global
	GlobalSection(SolutionConfigurationPlatforms) = preSolution
		Debug|Any CPU = Debug|Any CPU
		Release|Any CPU = Release|Any CPU
	EndGlobalSection
	GlobalSection(ProjectConfigurationPlatforms) = postSolution
		{0207CFA2-D30F-4BAA-86B5-2CE91CDF3EF1}.Debug|Any CPU.ActiveCfg = Debug|Any CPU
		{0207CFA2-D30F-4BAA-86B5-2CE91CDF3EF1}.Debug|Any CPU.Build.0 = Debug|Any CPU
		{0207CFA2-D30F-4BAA-86B5-2CE91CDF3EF1}.Release|Any CPU.ActiveCfg = Release|Any CPU
		{0207CFA2-D30F-4BAA-86B5-2CE91CDF3EF1}.Release|Any CPU.Build.0 = Release|Any CPU
	EndGlobalSection
	GlobalSection(SolutionProperties) = preSolution
		HideSolutionNode = FALSE
	EndGlobalSection
	GlobalSection(ExtensibilityGlobals) = postSolution
		SolutionGuid = {6F38DA77-F48D-429A-9DF1-0BCA7C90625D}
	EndGlobalSection
EndGlobal
